// !$*UTF8*$!
{
	archiveVersion = 1;
	classes = {
	};
	objectVersion = 46;
	objects = {

/* Begin PBXBuildFile section */
		A134205A1B66D20E006BEAE9 /* AppDelegate.swift in Sources */ = {isa = PBXBuildFile; fileRef = A13420591B66D20E006BEAE9 /* AppDelegate.swift */; };
		A13420611B66D20E006BEAE9 /* Images.xcassets in Resources */ = {isa = PBXBuildFile; fileRef = A13420601B66D20E006BEAE9 /* Images.xcassets */; };
		A13420641B66D20E006BEAE9 /* LaunchScreen.xib in Resources */ = {isa = PBXBuildFile; fileRef = A13420621B66D20E006BEAE9 /* LaunchScreen.xib */; };
		A134207A1B66DB85006BEAE9 /* TextFieldDelegate.swift in Sources */ = {isa = PBXBuildFile; fileRef = A13420791B66DB85006BEAE9 /* TextFieldDelegate.swift */; };
		A134207C1B670908006BEAE9 /* Meme.swift in Sources */ = {isa = PBXBuildFile; fileRef = A134207B1B670908006BEAE9 /* Meme.swift */; };
		A134207D1B670D7D006BEAE9 /* Main.storyboard in Resources */ = {isa = PBXBuildFile; fileRef = A134205D1B66D20E006BEAE9 /* Main.storyboard */; };
		A134207F1B67272D006BEAE9 /* TableViewVC.swift in Sources */ = {isa = PBXBuildFile; fileRef = A134207E1B67272D006BEAE9 /* TableViewVC.swift */; };
		A1B5B2AA1B673DDB00CC2CFD /* CollectionVC.swift in Sources */ = {isa = PBXBuildFile; fileRef = A1B5B2A91B673DDB00CC2CFD /* CollectionVC.swift */; };
		A1B5B2AC1B6741BC00CC2CFD /* DetailVC.swift in Sources */ = {isa = PBXBuildFile; fileRef = A1B5B2AB1B6741BC00CC2CFD /* DetailVC.swift */; };
		A1B5B2AE1B675E5800CC2CFD /* CollCell.swift in Sources */ = {isa = PBXBuildFile; fileRef = A1B5B2AD1B675E5800CC2CFD /* CollCell.swift */; };
		A1B5B2B01B6766A700CC2CFD /* MemeEditorVC.swift in Sources */ = {isa = PBXBuildFile; fileRef = A1B5B2AF1B6766A700CC2CFD /* MemeEditorVC.swift */; };
/* End PBXBuildFile section */

/* Begin PBXContainerItemProxy section */
		A134206A1B66D20E006BEAE9 /* PBXContainerItemProxy */ = {
			isa = PBXContainerItemProxy;
			containerPortal = A134204C1B66D20E006BEAE9 /* Project object */;
			proxyType = 1;
			remoteGlobalIDString = A13420531B66D20E006BEAE9;
			remoteInfo = ImagePicker;
		};
/* End PBXContainerItemProxy section */

/* Begin PBXFileReference section */
		A13420541B66D20E006BEAE9 /* Mememe.app */ = {isa = PBXFileReference; explicitFileType = wrapper.application; includeInIndex = 0; path = Mememe.app; sourceTree = BUILT_PRODUCTS_DIR; };
		A13420581B66D20E006BEAE9 /* Info.plist */ = {isa = PBXFileReference; lastKnownFileType = text.plist.xml; path = Info.plist; sourceTree = "<group>"; };
		A13420591B66D20E006BEAE9 /* AppDelegate.swift */ = {isa = PBXFileReference; lastKnownFileType = sourcecode.swift; path = AppDelegate.swift; sourceTree = "<group>"; };
		A134205E1B66D20E006BEAE9 /* Base */ = {isa = PBXFileReference; lastKnownFileType = file.storyboard; name = Base; path = Base.lproj/Main.storyboard; sourceTree = "<group>"; };
		A13420601B66D20E006BEAE9 /* Images.xcassets */ = {isa = PBXFileReference; lastKnownFileType = folder.assetcatalog; path = Images.xcassets; sourceTree = "<group>"; };
		A13420631B66D20E006BEAE9 /* Base */ = {isa = PBXFileReference; lastKnownFileType = file.xib; name = Base; path = Base.lproj/LaunchScreen.xib; sourceTree = "<group>"; };
		A13420691B66D20E006BEAE9 /* MememeTests.xctest */ = {isa = PBXFileReference; explicitFileType = wrapper.cfbundle; includeInIndex = 0; path = MememeTests.xctest; sourceTree = BUILT_PRODUCTS_DIR; };
		A134206E1B66D20E006BEAE9 /* Info.plist */ = {isa = PBXFileReference; lastKnownFileType = text.plist.xml; path = Info.plist; sourceTree = "<group>"; };
		A13420791B66DB85006BEAE9 /* TextFieldDelegate.swift */ = {isa = PBXFileReference; fileEncoding = 4; lastKnownFileType = sourcecode.swift; path = TextFieldDelegate.swift; sourceTree = "<group>"; };
		A134207B1B670908006BEAE9 /* Meme.swift */ = {isa = PBXFileReference; fileEncoding = 4; lastKnownFileType = sourcecode.swift; path = Meme.swift; sourceTree = "<group>"; };
		A134207E1B67272D006BEAE9 /* TableViewVC.swift */ = {isa = PBXFileReference; fileEncoding = 4; lastKnownFileType = sourcecode.swift; path = TableViewVC.swift; sourceTree = "<group>"; };
		A1B5B2A91B673DDB00CC2CFD /* CollectionVC.swift */ = {isa = PBXFileReference; fileEncoding = 4; lastKnownFileType = sourcecode.swift; path = CollectionVC.swift; sourceTree = "<group>"; };
		A1B5B2AB1B6741BC00CC2CFD /* DetailVC.swift */ = {isa = PBXFileReference; fileEncoding = 4; lastKnownFileType = sourcecode.swift; path = DetailVC.swift; sourceTree = "<group>"; };
		A1B5B2AD1B675E5800CC2CFD /* CollCell.swift */ = {isa = PBXFileReference; fileEncoding = 4; lastKnownFileType = sourcecode.swift; path = CollCell.swift; sourceTree = "<group>"; };
		A1B5B2AF1B6766A700CC2CFD /* MemeEditorVC.swift */ = {isa = PBXFileReference; fileEncoding = 4; lastKnownFileType = sourcecode.swift; path = MemeEditorVC.swift; sourceTree = "<group>"; };
/* End PBXFileReference section */

/* Begin PBXFrameworksBuildPhase section */
		A13420511B66D20E006BEAE9 /* Frameworks */ = {
			isa = PBXFrameworksBuildPhase;
			buildActionMask = 2147483647;
			files = (
			);
			runOnlyForDeploymentPostprocessing = 0;
		};
		A13420661B66D20E006BEAE9 /* Frameworks */ = {
			isa = PBXFrameworksBuildPhase;
			buildActionMask = 2147483647;
			files = (
			);
			runOnlyForDeploymentPostprocessing = 0;
		};
/* End PBXFrameworksBuildPhase section */

/* Begin PBXGroup section */
		A134204B1B66D20E006BEAE9 = {
			isa = PBXGroup;
			children = (
				A13420561B66D20E006BEAE9 /* Mememe */,
				A134206C1B66D20E006BEAE9 /* MememeTests */,
				A13420551B66D20E006BEAE9 /* Products */,
			);
			sourceTree = "<group>";
		};
		A13420551B66D20E006BEAE9 /* Products */ = {
			isa = PBXGroup;
			children = (
				A13420541B66D20E006BEAE9 /* Mememe.app */,
				A13420691B66D20E006BEAE9 /* MememeTests.xctest */,
			);
			name = Products;
			sourceTree = "<group>";
		};
		A13420561B66D20E006BEAE9 /* Mememe */ = {
			isa = PBXGroup;
			children = (
				A134207B1B670908006BEAE9 /* Meme.swift */,
				A13420591B66D20E006BEAE9 /* AppDelegate.swift */,
				A134207E1B67272D006BEAE9 /* TableViewVC.swift */,
				A1B5B2A91B673DDB00CC2CFD /* CollectionVC.swift */,
				A1B5B2AB1B6741BC00CC2CFD /* DetailVC.swift */,
				A1B5B2AF1B6766A700CC2CFD /* MemeEditorVC.swift */,
				A13420791B66DB85006BEAE9 /* TextFieldDelegate.swift */,
				A1B5B2AD1B675E5800CC2CFD /* CollCell.swift */,
				A134205D1B66D20E006BEAE9 /* Main.storyboard */,
				A13420601B66D20E006BEAE9 /* Images.xcassets */,
				A13420621B66D20E006BEAE9 /* LaunchScreen.xib */,
				A13420571B66D20E006BEAE9 /* Supporting Files */,
			);
			name = Mememe;
			path = ImagePicker;
			sourceTree = "<group>";
		};
		A13420571B66D20E006BEAE9 /* Supporting Files */ = {
			isa = PBXGroup;
			children = (
				A13420581B66D20E006BEAE9 /* Info.plist */,
			);
			name = "Supporting Files";
			sourceTree = "<group>";
		};
		A134206C1B66D20E006BEAE9 /* MememeTests */ = {
			isa = PBXGroup;
			children = (
				A134206D1B66D20E006BEAE9 /* Supporting Files */,
			);
			name = MememeTests;
			path = ImagePickerTests;
			sourceTree = "<group>";
		};
		A134206D1B66D20E006BEAE9 /* Supporting Files */ = {
			isa = PBXGroup;
			children = (
				A134206E1B66D20E006BEAE9 /* Info.plist */,
			);
			name = "Supporting Files";
			sourceTree = "<group>";
		};
/* End PBXGroup section */

/* Begin PBXNativeTarget section */
		A13420531B66D20E006BEAE9 /* Mememe */ = {
			isa = PBXNativeTarget;
			buildConfigurationList = A13420731B66D20E006BEAE9 /* Build configuration list for PBXNativeTarget "Mememe" */;
			buildPhases = (
				A13420501B66D20E006BEAE9 /* Sources */,
				A13420511B66D20E006BEAE9 /* Frameworks */,
				A13420521B66D20E006BEAE9 /* Resources */,
			);
			buildRules = (
			);
			dependencies = (
			);
			name = Mememe;
			productName = ImagePicker;
			productReference = A13420541B66D20E006BEAE9 /* Mememe.app */;
			productType = "com.apple.product-type.application";
		};
		A13420681B66D20E006BEAE9 /* MememeTests */ = {
			isa = PBXNativeTarget;
			buildConfigurationList = A13420761B66D20E006BEAE9 /* Build configuration list for PBXNativeTarget "MememeTests" */;
			buildPhases = (
				A13420651B66D20E006BEAE9 /* Sources */,
				A13420661B66D20E006BEAE9 /* Frameworks */,
				A13420671B66D20E006BEAE9 /* Resources */,
			);
			buildRules = (
			);
			dependencies = (
				A134206B1B66D20E006BEAE9 /* PBXTargetDependency */,
			);
			name = MememeTests;
			productName = ImagePickerTests;
			productReference = A13420691B66D20E006BEAE9 /* MememeTests.xctest */;
			productType = "com.apple.product-type.bundle.unit-test";
		};
/* End PBXNativeTarget section */

/* Begin PBXProject section */
		A134204C1B66D20E006BEAE9 /* Project object */ = {
			isa = PBXProject;
			attributes = {
				LastUpgradeCheck = 0640;
				ORGANIZATIONNAME = "Dany Alejandro Cabrera Vargas";
				TargetAttributes = {
					A13420531B66D20E006BEAE9 = {
						CreatedOnToolsVersion = 6.4;
					};
					A13420681B66D20E006BEAE9 = {
						CreatedOnToolsVersion = 6.4;
						TestTargetID = A13420531B66D20E006BEAE9;
					};
				};
			};
			buildConfigurationList = A134204F1B66D20E006BEAE9 /* Build configuration list for PBXProject "Mememe" */;
			compatibilityVersion = "Xcode 3.2";
			developmentRegion = English;
			hasScannedForEncodings = 0;
			knownRegions = (
				en,
				Base,
			);
			mainGroup = A134204B1B66D20E006BEAE9;
			productRefGroup = A13420551B66D20E006BEAE9 /* Products */;
			projectDirPath = "";
			projectRoot = "";
			targets = (
				A13420531B66D20E006BEAE9 /* Mememe */,
				A13420681B66D20E006BEAE9 /* MememeTests */,
			);
		};
/* End PBXProject section */

/* Begin PBXResourcesBuildPhase section */
		A13420521B66D20E006BEAE9 /* Resources */ = {
			isa = PBXResourcesBuildPhase;
			buildActionMask = 2147483647;
			files = (
				A134207D1B670D7D006BEAE9 /* Main.storyboard in Resources */,
				A13420641B66D20E006BEAE9 /* LaunchScreen.xib in Resources */,
				A13420611B66D20E006BEAE9 /* Images.xcassets in Resources */,
			);
			runOnlyForDeploymentPostprocessing = 0;
		};
		A13420671B66D20E006BEAE9 /* Resources */ = {
			isa = PBXResourcesBuildPhase;
			buildActionMask = 2147483647;
			files = (
			);
			runOnlyForDeploymentPostprocessing = 0;
		};
/* End PBXResourcesBuildPhase section */

/* Begin PBXSourcesBuildPhase section */
		A13420501B66D20E006BEAE9 /* Sources */ = {
			isa = PBXSourcesBuildPhase;
			buildActionMask = 2147483647;
			files = (
				A134207F1B67272D006BEAE9 /* TableViewVC.swift in Sources */,
				A134207C1B670908006BEAE9 /* Meme.swift in Sources */,
				A1B5B2B01B6766A700CC2CFD /* MemeEditorVC.swift in Sources */,
				A1B5B2AE1B675E5800CC2CFD /* CollCell.swift in Sources */,
				A134205A1B66D20E006BEAE9 /* AppDelegate.swift in Sources */,
				A1B5B2AA1B673DDB00CC2CFD /* CollectionVC.swift in Sources */,
				A134207A1B66DB85006BEAE9 /* TextFieldDelegate.swift in Sources */,
				A1B5B2AC1B6741BC00CC2CFD /* DetailVC.swift in Sources */,
			);
			runOnlyForDeploymentPostprocessing = 0;
		};
		A13420651B66D20E006BEAE9 /* Sources */ = {
			isa = PBXSourcesBuildPhase;
			buildActionMask = 2147483647;
			files = (
			);
			runOnlyForDeploymentPostprocessing = 0;
		};
/* End PBXSourcesBuildPhase section */

/* Begin PBXTargetDependency section */
		A134206B1B66D20E006BEAE9 /* PBXTargetDependency */ = {
			isa = PBXTargetDependency;
			target = A13420531B66D20E006BEAE9 /* Mememe */;
			targetProxy = A134206A1B66D20E006BEAE9 /* PBXContainerItemProxy */;
		};
/* End PBXTargetDependency section */

/* Begin PBXVariantGroup section */
		A134205D1B66D20E006BEAE9 /* Main.storyboard */ = {
			isa = PBXVariantGroup;
			children = (
				A134205E1B66D20E006BEAE9 /* Base */,
			);
			name = Main.storyboard;
			sourceTree = "<group>";
		};
		A13420621B66D20E006BEAE9 /* LaunchScreen.xib */ = {
			isa = PBXVariantGroup;
			children = (
				A13420631B66D20E006BEAE9 /* Base */,
			);
			name = LaunchScreen.xib;
			sourceTree = "<group>";
		};
/* End PBXVariantGroup section */

/* Begin XCBuildConfiguration section */
		A13420711B66D20E006BEAE9 /* Debug */ = {
			isa = XCBuildConfiguration;
			buildSettings = {
				ALWAYS_SEARCH_USER_PATHS = NO;
				CLANG_CXX_LANGUAGE_STANDARD = "gnu++0x";
				CLANG_CXX_LIBRARY = "libc++";
				CLANG_ENABLE_MODULES = YES;
				CLANG_ENABLE_OBJC_ARC = YES;
				CLANG_WARN_BOOL_CONVERSION = YES;
				CLANG_WARN_CONSTANT_CONVERSION = YES;
				CLANG_WARN_DIRECT_OBJC_ISA_USAGE = YES_ERROR;
				CLANG_WARN_EMPTY_BODY = YES;
				CLANG_WARN_ENUM_CONVERSION = YES;
				CLANG_WARN_INT_CONVERSION = YES;
				CLANG_WARN_OBJC_ROOT_CLASS = YES_ERROR;
				CLANG_WARN_UNREACHABLE_CODE = YES;
				CLANG_WARN__DUPLICATE_METHOD_MATCH = YES;
				"CODE_SIGN_IDENTITY[sdk=iphoneos*]" = "iPhone Developer";
				COPY_PHASE_STRIP = NO;
				DEBUG_INFORMATION_FORMAT = "dwarf-with-dsym";
				ENABLE_STRICT_OBJC_MSGSEND = YES;
				GCC_C_LANGUAGE_STANDARD = gnu99;
				GCC_DYNAMIC_NO_PIC = NO;
				GCC_NO_COMMON_BLOCKS = YES;
				GCC_OPTIMIZATION_LEVEL = 0;
				GCC_PREPROCESSOR_DEFINITIONS = (
					"DEBUG=1",
					"$(inherited)",
				);
				GCC_SYMBOLS_PRIVATE_EXTERN = NO;
				GCC_WARN_64_TO_32_BIT_CONVERSION = YES;
				GCC_WARN_ABOUT_RETURN_TYPE = YES_ERROR;
				GCC_WARN_UNDECLARED_SELECTOR = YES;
				GCC_WARN_UNINITIALIZED_AUTOS = YES_AGGRESSIVE;
				GCC_WARN_UNUSED_FUNCTION = YES;
				GCC_WARN_UNUSED_VARIABLE = YES;
				IPHONEOS_DEPLOYMENT_TARGET = 8.4;
				MTL_ENABLE_DEBUG_INFO = YES;
				ONLY_ACTIVE_ARCH = YES;
				SDKROOT = iphoneos;
				SWIFT_OPTIMIZATION_LEVEL = "-Onone";
			};
			name = Debug;
		};
		A13420721B66D20E006BEAE9 /* Release */ = {
			isa = XCBuildConfiguration;
			buildSettings = {
				ALWAYS_SEARCH_USER_PATHS = NO;
				CLANG_CXX_LANGUAGE_STANDARD = "gnu++0x";
				CLANG_CXX_LIBRARY = "libc++";
				CLANG_ENABLE_MODULES = YES;
				CLANG_ENABLE_OBJC_ARC = YES;
				CLANG_WARN_BOOL_CONVERSION = YES;
				CLANG_WARN_CONSTANT_CONVERSION = YES;
				CLANG_WARN_DIRECT_OBJC_ISA_USAGE = YES_ERROR;
				CLANG_WARN_EMPTY_BODY = YES;
				CLANG_WARN_ENUM_CONVERSION = YES;
				CLANG_WARN_INT_CONVERSION = YES;
				CLANG_WARN_OBJC_ROOT_CLASS = YES_ERROR;
				CLANG_WARN_UNREACHABLE_CODE = YES;
				CLANG_WARN__DUPLICATE_METHOD_MATCH = YES;
				"CODE_SIGN_IDENTITY[sdk=iphoneos*]" = "iPhone Developer";
				COPY_PHASE_STRIP = NO;
				DEBUG_INFORMATION_FORMAT = "dwarf-with-dsym";
				ENABLE_NS_ASSERTIONS = NO;
				ENABLE_STRICT_OBJC_MSGSEND = YES;
				GCC_C_LANGUAGE_STANDARD = gnu99;
				GCC_NO_COMMON_BLOCKS = YES;
				GCC_WARN_64_TO_32_BIT_CONVERSION = YES;
				GCC_WARN_ABOUT_RETURN_TYPE = YES_ERROR;
				GCC_WARN_UNDECLARED_SELECTOR = YES;
				GCC_WARN_UNINITIALIZED_AUTOS = YES_AGGRESSIVE;
				GCC_WARN_UNUSED_FUNCTION = YES;
				GCC_WARN_UNUSED_VARIABLE = YES;
				IPHONEOS_DEPLOYMENT_TARGET = 8.4;
				MTL_ENABLE_DEBUG_INFO = NO;
				SDKROOT = iphoneos;
				VALIDATE_PRODUCT = YES;
			};
			name = Release;
		};
		A13420741B66D20E006BEAE9 /* Debug */ = {
			isa = XCBuildConfiguration;
			buildSettings = {
				ASSETCATALOG_COMPILER_APPICON_NAME = AppIcon;
				INFOPLIST_FILE = ImagePicker/Info.plist;
				LD_RUNPATH_SEARCH_PATHS = "$(inherited) @executable_path/Frameworks";
				PRODUCT_NAME = Mememe;
			};
			name = Debug;
		};
		A13420751B66D20E006BEAE9 /* Release */ = {
			isa = XCBuildConfiguration;
			buildSettings = {
				ASSETCATALOG_COMPILER_APPICON_NAME = AppIcon;
				INFOPLIST_FILE = ImagePicker/Info.plist;
				LD_RUNPATH_SEARCH_PATHS = "$(inherited) @executable_path/Frameworks";
				PRODUCT_NAME = Mememe;
			};
			name = Release;
		};
		A13420771B66D20E006BEAE9 /* Debug */ = {
			isa = XCBuildConfiguration;
			buildSettings = {
				BUNDLE_LOADER = "$(TEST_HOST)";
				FRAMEWORK_SEARCH_PATHS = (
					"$(SDKROOT)/Developer/Library/Frameworks",
					"$(inherited)",
				);
				GCC_PREPROCESSOR_DEFINITIONS = (
					"DEBUG=1",
					"$(inherited)",
				);
				INFOPLIST_FILE = ImagePickerTests/Info.plist;
				LD_RUNPATH_SEARCH_PATHS = "$(inherited) @executable_path/Frameworks @loader_path/Frameworks";
				PRODUCT_NAME = MememeTests;
				TEST_HOST = "$(BUILT_PRODUCTS_DIR)/ImagePicker.app/ImagePicker";
			};
			name = Debug;
		};
		A13420781B66D20E006BEAE9 /* Release */ = {
			isa = XCBuildConfiguration;
			buildSettings = {
				BUNDLE_LOADER = "$(TEST_HOST)";
				FRAMEWORK_SEARCH_PATHS = (
					"$(SDKROOT)/Developer/Library/Frameworks",
					"$(inherited)",
				);
				INFOPLIST_FILE = ImagePickerTests/Info.plist;
				LD_RUNPATH_SEARCH_PATHS = "$(inherited) @executable_path/Frameworks @loader_path/Frameworks";
				PRODUCT_NAME = MememeTests;
				TEST_HOST = "$(BUILT_PRODUCTS_DIR)/ImagePicker.app/ImagePicker";
			};
			name = Release;
		};
/* End XCBuildConfiguration section */

/* Begin XCConfigurationList section */
		A134204F1B66D20E006BEAE9 /* Build configuration list for PBXProject "Mememe" */ = {
			isa = XCConfigurationList;
			buildConfigurations = (
				A13420711B66D20E006BEAE9 /* Debug */,
				A13420721B66D20E006BEAE9 /* Release */,
			);
			defaultConfigurationIsVisible = 0;
			defaultConfigurationName = Release;
		};
		A13420731B66D20E006BEAE9 /* Build configuration list for PBXNativeTarget "Mememe" */ = {
			isa = XCConfigurationList;
			buildConfigurations = (
				A13420741B66D20E006BEAE9 /* Debug */,
				A13420751B66D20E006BEAE9 /* Release */,
			);
			defaultConfigurationIsVisible = 0;
			defaultConfigurationName = Release;
		};
		A13420761B66D20E006BEAE9 /* Build configuration list for PBXNativeTarget "MememeTests" */ = {
			isa = XCConfigurationList;
			buildConfigurations = (
				A13420771B66D20E006BEAE9 /* Debug */,
				A13420781B66D20E006BEAE9 /* Release */,
			);
			defaultConfigurationIsVisible = 0;
			defaultConfigurationName = Release;
		};
/* End XCConfigurationList section */
	};
	rootObject = A134204C1B66D20E006BEAE9 /* Project object */;
}
